
Microsoft Visual Studio Solution File, Format Version 12.00
# Visual Studio 15
VisualStudioVersion = 15.0.28010.2050
MinimumVisualStudioVersion = 10.0.40219.1
Project("{8BC9CEB8-8B4A-11D0-8D11-00A0C91BC942}") = "UnrealMapGen", "UnrealMapGen\UnrealMapGen.vcxproj", "{A8E9030A-2D95-46E8-847D-13CA09115D87}"
EndProject
Global
	GlobalSection(SolutionConfigurationPlatforms) = preSolution
		Debug|x64 = Debug|x64
		Debug|x86 = Debug|x86
		Release|x64 = Release|x64
		Release|x86 = Release|x86
	EndGlobalSection
	GlobalSection(ProjectConfigurationPlatforms) = postSolution
		{A8E9030A-2D95-46E8-847D-13CA09115D87}.Debug|x64.ActiveCfg = Debug|x64
		{A8E9030A-2D95-46E8-847D-13CA09115D87}.Debug|x64.Build.0 = Debug|x64
		{A8E9030A-2D95-46E8-847D-13CA09115D87}.Debug|x86.ActiveCfg = Debug|Win32
		{A8E9030A-2D95-46E8-847D-13CA09115D87}.Debug|x86.Build.0 = Debug|Win32
		{A8E9030A-2D95-46E8-847D-13CA09115D87}.Release|x64.ActiveCfg = Release|x64
		{A8E9030A-2D95-46E8-847D-13CA09115D87}.Release|x64.Build.0 = Release|x64
		{A8E9030A-2D95-46E8-847D-13CA09115D87}.Release|x86.ActiveCfg = Release|Win32
		{A8E9030A-2D95-46E8-847D-13CA09115D87}.Release|x86.Build.0 = Release|Win32
	EndGlobalSection
	GlobalSection(SolutionProperties) = preSolution
		HideSolutionNode = FALSE
	EndGlobalSection
	GlobalSection(ExtensibilityGlobals) = postSolution
		SolutionGuid = {454C7104-0D48-4585-8036-1BE0C6483F61}
	EndGlobalSection
EndGlobal
